
Microsoft Visual Studio Solution File, Format Version 12.00
# Visual Studio Version 16
VisualStudioVersion = 16.0.31702.278
MinimumVisualStudioVersion = 10.0.40219.1
Project("{8BC9CEB8-8B4A-11D0-8D11-00A0C91BC942}") = "workshop02", "workshop02\workshop02.vcxproj", "{71AFADBD-01E6-46CA-BFA5-9088FEC89471}"
EndProject
Global
	GlobalSection(SolutionConfigurationPlatforms) = preSolution
		Debug|x64 = Debug|x64
		Debug|x86 = Debug|x86
		Release|x64 = Release|x64
		Release|x86 = Release|x86
	EndGlobalSection
	GlobalSection(ProjectConfigurationPlatforms) = postSolution
		{71AFADBD-01E6-46CA-BFA5-9088FEC89471}.Debug|x64.ActiveCfg = Debug|x64
		{71AFADBD-01E6-46CA-BFA5-9088FEC89471}.Debug|x64.Build.0 = Debug|x64
		{71AFADBD-01E6-46CA-BFA5-9088FEC89471}.Debug|x86.ActiveCfg = Debug|Win32
		{71AFADBD-01E6-46CA-BFA5-9088FEC89471}.Debug|x86.Build.0 = Debug|Win32
		{71AFADBD-01E6-46CA-BFA5-9088FEC89471}.Release|x64.ActiveCfg = Release|x64
		{71AFADBD-01E6-46CA-BFA5-9088FEC89471}.Release|x64.Build.0 = Release|x64
		{71AFADBD-01E6-46CA-BFA5-9088FEC89471}.Release|x86.ActiveCfg = Release|Win32
		{71AFADBD-01E6-46CA-BFA5-9088FEC89471}.Release|x86.Build.0 = Release|Win32
	EndGlobalSection
	GlobalSection(SolutionProperties) = preSolution
		HideSolutionNode = FALSE
	EndGlobalSection
	GlobalSection(ExtensibilityGlobals) = postSolution
		SolutionGuid = {A03A58AA-DA2E-4750-9845-61491142B933}
	EndGlobalSection
EndGlobal
